// !$*UTF8*$!
{
	archiveVersion = 1;
	classes = {
	};
	objectVersion = 46;
	objects = {

/* Begin PBXBuildFile section */
		1D2EB2402109952F006E3F7D /* buttonViewController.swift in Sources */ = {isa = PBXBuildFile; fileRef = 1D2EB23F2109952F006E3F7D /* buttonViewController.swift */; };
		1D62FEBB21103761008E38CE /* dogViewController.swift in Sources */ = {isa = PBXBuildFile; fileRef = 1D62FEBA21103761008E38CE /* dogViewController.swift */; };
		1D7B356A2106E68000350DE0 /* AppDelegate.swift in Sources */ = {isa = PBXBuildFile; fileRef = 1D7B35692106E68000350DE0 /* AppDelegate.swift */; };
		1D7B356F2106E68000350DE0 /* Main.storyboard in Resources */ = {isa = PBXBuildFile; fileRef = 1D7B356D2106E68000350DE0 /* Main.storyboard */; };
		1D7B35712106E68000350DE0 /* Assets.xcassets in Resources */ = {isa = PBXBuildFile; fileRef = 1D7B35702106E68000350DE0 /* Assets.xcassets */; };
		1D7B35742106E68000350DE0 /* LaunchScreen.storyboard in Resources */ = {isa = PBXBuildFile; fileRef = 1D7B35722106E68000350DE0 /* LaunchScreen.storyboard */; };
		1DD2B7772112DEC70049FDBE /* PawViewController.swift in Sources */ = {isa = PBXBuildFile; fileRef = 1DD2B7762112DEC70049FDBE /* PawViewController.swift */; };
		5D380ED2211A9B7000D1388F /* Coin.swift in Sources */ = {isa = PBXBuildFile; fileRef = 5D380ED1211A9B7000D1388F /* Coin.swift */; };
		5D71F4AD2117E35A00B70840 /* sound.swift in Sources */ = {isa = PBXBuildFile; fileRef = 5D71F4AC2117E35A00B70840 /* sound.swift */; };
		5D71F4B02117E71E00B70840 /* PopUp.swift in Sources */ = {isa = PBXBuildFile; fileRef = 5D71F4AF2117E71E00B70840 /* PopUp.swift */; };
		5D71F4B721181D2300B70840 /* LightViewController.swift in Sources */ = {isa = PBXBuildFile; fileRef = 5D71F4B621181D2300B70840 /* LightViewController.swift */; };
		5D71F4CB21183C2C00B70840 /* Counter.swift in Sources */ = {isa = PBXBuildFile; fileRef = 5D71F4CA21183C2C00B70840 /* Counter.swift */; };
		5D770BF6211D417800EF95D5 /* slkscre.ttf in Resources */ = {isa = PBXBuildFile; fileRef = 5D770BF5211D416900EF95D5 /* slkscre.ttf */; };
		5D86D077213D270300DF7AD5 /* btn2.mp3 in Resources */ = {isa = PBXBuildFile; fileRef = 5D86D05C213D270200DF7AD5 /* btn2.mp3 */; };
		5D86D078213D270300DF7AD5 /* btn3.mp3 in Resources */ = {isa = PBXBuildFile; fileRef = 5D86D05D213D270200DF7AD5 /* btn3.mp3 */; };
		5D86D079213D270300DF7AD5 /* jump.m4a in Resources */ = {isa = PBXBuildFile; fileRef = 5D86D05E213D270200DF7AD5 /* jump.m4a */; };
		5D86D07A213D270300DF7AD5 /* duck.m4a in Resources */ = {isa = PBXBuildFile; fileRef = 5D86D05F213D270200DF7AD5 /* duck.m4a */; };
		5D86D07B213D270300DF7AD5 /* snow.m4a in Resources */ = {isa = PBXBuildFile; fileRef = 5D86D060213D270200DF7AD5 /* snow.m4a */; };
		5D86D07C213D270300DF7AD5 /* water2.m4a in Resources */ = {isa = PBXBuildFile; fileRef = 5D86D061213D270200DF7AD5 /* water2.m4a */; };
		5D86D07D213D270300DF7AD5 /* cookie.m4a in Resources */ = {isa = PBXBuildFile; fileRef = 5D86D062213D270200DF7AD5 /* cookie.m4a */; };
		5D86D07E213D270300DF7AD5 /* bubble.m4a in Resources */ = {isa = PBXBuildFile; fileRef = 5D86D063213D270200DF7AD5 /* bubble.m4a */; };
		5D86D07F213D270300DF7AD5 /* btnSound.m4a in Resources */ = {isa = PBXBuildFile; fileRef = 5D86D064213D270200DF7AD5 /* btnSound.m4a */; };
		5D86D080213D270300DF7AD5 /* heart2.m4a in Resources */ = {isa = PBXBuildFile; fileRef = 5D86D065213D270200DF7AD5 /* heart2.m4a */; };
		5D86D081213D270300DF7AD5 /* snow2.m4a in Resources */ = {isa = PBXBuildFile; fileRef = 5D86D066213D270200DF7AD5 /* snow2.m4a */; };
		5D86D082213D270300DF7AD5 /* snow3.m4a in Resources */ = {isa = PBXBuildFile; fileRef = 5D86D067213D270200DF7AD5 /* snow3.m4a */; };
		5D86D083213D270300DF7AD5 /* water.m4a in Resources */ = {isa = PBXBuildFile; fileRef = 5D86D068213D270200DF7AD5 /* water.m4a */; };
		5D86D084213D270300DF7AD5 /* light2.m4a in Resources */ = {isa = PBXBuildFile; fileRef = 5D86D069213D270200DF7AD5 /* light2.m4a */; };
		5D86D085213D270300DF7AD5 /* cat.m4a in Resources */ = {isa = PBXBuildFile; fileRef = 5D86D06A213D270200DF7AD5 /* cat.m4a */; };
		5D86D086213D270300DF7AD5 /* light3.m4a in Resources */ = {isa = PBXBuildFile; fileRef = 5D86D06B213D270200DF7AD5 /* light3.m4a */; };
		5D86D087213D270300DF7AD5 /* light1.m4a in Resources */ = {isa = PBXBuildFile; fileRef = 5D86D06C213D270200DF7AD5 /* light1.m4a */; };
		5D86D088213D270300DF7AD5 /* snow4.m4a in Resources */ = {isa = PBXBuildFile; fileRef = 5D86D06D213D270200DF7AD5 /* snow4.m4a */; };
		5D86D089213D270300DF7AD5 /* moon.m4a in Resources */ = {isa = PBXBuildFile; fileRef = 5D86D06E213D270200DF7AD5 /* moon.m4a */; };
		5D86D08A213D270300DF7AD5 /* light.m4a in Resources */ = {isa = PBXBuildFile; fileRef = 5D86D06F213D270200DF7AD5 /* light.m4a */; };
		5D86D08B213D270300DF7AD5 /* mouse.m4a in Resources */ = {isa = PBXBuildFile; fileRef = 5D86D070213D270200DF7AD5 /* mouse.m4a */; };
		5D86D08C213D270300DF7AD5 /* angrycat.m4a in Resources */ = {isa = PBXBuildFile; fileRef = 5D86D071213D270200DF7AD5 /* angrycat.m4a */; };
		5D86D08D213D270300DF7AD5 /* doggy.m4a in Resources */ = {isa = PBXBuildFile; fileRef = 5D86D072213D270200DF7AD5 /* doggy.m4a */; };
		5D86D08E213D270300DF7AD5 /* coin.m4a in Resources */ = {isa = PBXBuildFile; fileRef = 5D86D073213D270200DF7AD5 /* coin.m4a */; };
		5D86D08F213D270300DF7AD5 /* coinflip.m4a in Resources */ = {isa = PBXBuildFile; fileRef = 5D86D074213D270200DF7AD5 /* coinflip.m4a */; };
		5D86D090213D270300DF7AD5 /* puppy.m4a in Resources */ = {isa = PBXBuildFile; fileRef = 5D86D075213D270200DF7AD5 /* puppy.m4a */; };
		5D86D091213D270300DF7AD5 /* glass.m4a in Resources */ = {isa = PBXBuildFile; fileRef = 5D86D076213D270200DF7AD5 /* glass.m4a */; };
		5D86D093213D2BC800DF7AD5 /* neodgm.ttf in Resources */ = {isa = PBXBuildFile; fileRef = 5D86D092213D2BC100DF7AD5 /* neodgm.ttf */; };
		5D86D098213D31EA00DF7AD5 /* MyPickerView.swift in Sources */ = {isa = PBXBuildFile; fileRef = 5D86D097213D31EA00DF7AD5 /* MyPickerView.swift */; };
		5D86D09A213D38DB00DF7AD5 /* Main.swift in Sources */ = {isa = PBXBuildFile; fileRef = 5D86D099213D38DB00DF7AD5 /* Main.swift */; };
		5DE20D88211C3A8300C47724 /* NavigationControllers.swift in Sources */ = {isa = PBXBuildFile; fileRef = 5DE20D87211C3A8300C47724 /* NavigationControllers.swift */; };
/* End PBXBuildFile section */

/* Begin PBXFileReference section */
		1D2EB23F2109952F006E3F7D /* buttonViewController.swift */ = {isa = PBXFileReference; fileEncoding = 4; lastKnownFileType = sourcecode.swift; path = buttonViewController.swift; sourceTree = "<group>"; };
		1D62FEBA21103761008E38CE /* dogViewController.swift */ = {isa = PBXFileReference; fileEncoding = 4; lastKnownFileType = sourcecode.swift; path = dogViewController.swift; sourceTree = "<group>"; };
		1D7B35662106E68000350DE0 /* GGuk.app */ = {isa = PBXFileReference; explicitFileType = wrapper.application; includeInIndex = 0; path = GGuk.app; sourceTree = BUILT_PRODUCTS_DIR; };
		1D7B35692106E68000350DE0 /* AppDelegate.swift */ = {isa = PBXFileReference; lastKnownFileType = sourcecode.swift; path = AppDelegate.swift; sourceTree = "<group>"; };
		1D7B356E2106E68000350DE0 /* Base */ = {isa = PBXFileReference; lastKnownFileType = file.storyboard; name = Base; path = Base.lproj/Main.storyboard; sourceTree = "<group>"; };
		1D7B35702106E68000350DE0 /* Assets.xcassets */ = {isa = PBXFileReference; lastKnownFileType = folder.assetcatalog; path = Assets.xcassets; sourceTree = "<group>"; };
		1D7B35732106E68000350DE0 /* Base */ = {isa = PBXFileReference; lastKnownFileType = file.storyboard; name = Base; path = Base.lproj/LaunchScreen.storyboard; sourceTree = "<group>"; };
		1D7B35752106E68000350DE0 /* Info.plist */ = {isa = PBXFileReference; lastKnownFileType = text.plist.xml; path = Info.plist; sourceTree = "<group>"; };
		1DD2B7762112DEC70049FDBE /* PawViewController.swift */ = {isa = PBXFileReference; fileEncoding = 4; lastKnownFileType = sourcecode.swift; path = PawViewController.swift; sourceTree = "<group>"; };
		5D380ED1211A9B7000D1388F /* Coin.swift */ = {isa = PBXFileReference; lastKnownFileType = sourcecode.swift; path = Coin.swift; sourceTree = "<group>"; };
		5D71F4AC2117E35A00B70840 /* sound.swift */ = {isa = PBXFileReference; fileEncoding = 4; lastKnownFileType = sourcecode.swift; path = sound.swift; sourceTree = "<group>"; };
		5D71F4AF2117E71E00B70840 /* PopUp.swift */ = {isa = PBXFileReference; fileEncoding = 4; lastKnownFileType = sourcecode.swift; path = PopUp.swift; sourceTree = "<group>"; };
		5D71F4B621181D2300B70840 /* LightViewController.swift */ = {isa = PBXFileReference; fileEncoding = 4; lastKnownFileType = sourcecode.swift; path = LightViewController.swift; sourceTree = "<group>"; };
		5D71F4CA21183C2C00B70840 /* Counter.swift */ = {isa = PBXFileReference; fileEncoding = 4; lastKnownFileType = sourcecode.swift; path = Counter.swift; sourceTree = "<group>"; };
		5D770BF5211D416900EF95D5 /* slkscre.ttf */ = {isa = PBXFileReference; lastKnownFileType = file; path = slkscre.ttf; sourceTree = "<group>"; };
		5D86D05C213D270200DF7AD5 /* btn2.mp3 */ = {isa = PBXFileReference; lastKnownFileType = audio.mp3; path = btn2.mp3; sourceTree = "<group>"; };
		5D86D05D213D270200DF7AD5 /* btn3.mp3 */ = {isa = PBXFileReference; lastKnownFileType = audio.mp3; path = btn3.mp3; sourceTree = "<group>"; };
		5D86D05E213D270200DF7AD5 /* jump.m4a */ = {isa = PBXFileReference; lastKnownFileType = file; path = jump.m4a; sourceTree = "<group>"; };
		5D86D05F213D270200DF7AD5 /* duck.m4a */ = {isa = PBXFileReference; lastKnownFileType = file; path = duck.m4a; sourceTree = "<group>"; };
		5D86D060213D270200DF7AD5 /* snow.m4a */ = {isa = PBXFileReference; lastKnownFileType = file; path = snow.m4a; sourceTree = "<group>"; };
		5D86D061213D270200DF7AD5 /* water2.m4a */ = {isa = PBXFileReference; lastKnownFileType = file; path = water2.m4a; sourceTree = "<group>"; };
		5D86D062213D270200DF7AD5 /* cookie.m4a */ = {isa = PBXFileReference; lastKnownFileType = file; path = cookie.m4a; sourceTree = "<group>"; };
		5D86D063213D270200DF7AD5 /* bubble.m4a */ = {isa = PBXFileReference; lastKnownFileType = file; path = bubble.m4a; sourceTree = "<group>"; };
		5D86D064213D270200DF7AD5 /* btnSound.m4a */ = {isa = PBXFileReference; lastKnownFileType = file; path = btnSound.m4a; sourceTree = "<group>"; };
		5D86D065213D270200DF7AD5 /* heart2.m4a */ = {isa = PBXFileReference; lastKnownFileType = file; path = heart2.m4a; sourceTree = "<group>"; };
		5D86D066213D270200DF7AD5 /* snow2.m4a */ = {isa = PBXFileReference; lastKnownFileType = file; path = snow2.m4a; sourceTree = "<group>"; };
		5D86D067213D270200DF7AD5 /* snow3.m4a */ = {isa = PBXFileReference; lastKnownFileType = file; path = snow3.m4a; sourceTree = "<group>"; };
		5D86D068213D270200DF7AD5 /* water.m4a */ = {isa = PBXFileReference; lastKnownFileType = file; path = water.m4a; sourceTree = "<group>"; };
		5D86D069213D270200DF7AD5 /* light2.m4a */ = {isa = PBXFileReference; lastKnownFileType = file; path = light2.m4a; sourceTree = "<group>"; };
		5D86D06A213D270200DF7AD5 /* cat.m4a */ = {isa = PBXFileReference; lastKnownFileType = file; path = cat.m4a; sourceTree = "<group>"; };
		5D86D06B213D270200DF7AD5 /* light3.m4a */ = {isa = PBXFileReference; lastKnownFileType = file; path = light3.m4a; sourceTree = "<group>"; };
		5D86D06C213D270200DF7AD5 /* light1.m4a */ = {isa = PBXFileReference; lastKnownFileType = file; path = light1.m4a; sourceTree = "<group>"; };
		5D86D06D213D270200DF7AD5 /* snow4.m4a */ = {isa = PBXFileReference; lastKnownFileType = file; path = snow4.m4a; sourceTree = "<group>"; };
		5D86D06E213D270200DF7AD5 /* moon.m4a */ = {isa = PBXFileReference; lastKnownFileType = file; path = moon.m4a; sourceTree = "<group>"; };
		5D86D06F213D270200DF7AD5 /* light.m4a */ = {isa = PBXFileReference; lastKnownFileType = file; path = light.m4a; sourceTree = "<group>"; };
		5D86D070213D270200DF7AD5 /* mouse.m4a */ = {isa = PBXFileReference; lastKnownFileType = file; path = mouse.m4a; sourceTree = "<group>"; };
		5D86D071213D270200DF7AD5 /* angrycat.m4a */ = {isa = PBXFileReference; lastKnownFileType = file; path = angrycat.m4a; sourceTree = "<group>"; };
		5D86D072213D270200DF7AD5 /* doggy.m4a */ = {isa = PBXFileReference; lastKnownFileType = file; path = doggy.m4a; sourceTree = "<group>"; };
		5D86D073213D270200DF7AD5 /* coin.m4a */ = {isa = PBXFileReference; lastKnownFileType = file; path = coin.m4a; sourceTree = "<group>"; };
		5D86D074213D270200DF7AD5 /* coinflip.m4a */ = {isa = PBXFileReference; lastKnownFileType = file; path = coinflip.m4a; sourceTree = "<group>"; };
		5D86D075213D270200DF7AD5 /* puppy.m4a */ = {isa = PBXFileReference; lastKnownFileType = file; path = puppy.m4a; sourceTree = "<group>"; };
		5D86D076213D270200DF7AD5 /* glass.m4a */ = {isa = PBXFileReference; lastKnownFileType = file; path = glass.m4a; sourceTree = "<group>"; };
		5D86D092213D2BC100DF7AD5 /* neodgm.ttf */ = {isa = PBXFileReference; lastKnownFileType = file; path = neodgm.ttf; sourceTree = "<group>"; };
		5D86D097213D31EA00DF7AD5 /* MyPickerView.swift */ = {isa = PBXFileReference; lastKnownFileType = sourcecode.swift; path = MyPickerView.swift; sourceTree = "<group>"; };
		5D86D099213D38DB00DF7AD5 /* Main.swift */ = {isa = PBXFileReference; fileEncoding = 4; lastKnownFileType = sourcecode.swift; path = Main.swift; sourceTree = "<group>"; };
		5DE20D87211C3A8300C47724 /* NavigationControllers.swift */ = {isa = PBXFileReference; fileEncoding = 4; lastKnownFileType = sourcecode.swift; path = NavigationControllers.swift; sourceTree = "<group>"; };
/* End PBXFileReference section */

/* Begin PBXFrameworksBuildPhase section */
		1D7B35632106E68000350DE0 /* Frameworks */ = {
			isa = PBXFrameworksBuildPhase;
			buildActionMask = 2147483647;
			files = (
			);
			runOnlyForDeploymentPostprocessing = 0;
		};
/* End PBXFrameworksBuildPhase section */

/* Begin PBXGroup section */
		1D7B355D2106E68000350DE0 = {
			isa = PBXGroup;
			children = (
				1D7B35682106E68000350DE0 /* GGuk */,
				1D7B35672106E68000350DE0 /* Products */,
			);
			sourceTree = "<group>";
		};
		1D7B35672106E68000350DE0 /* Products */ = {
			isa = PBXGroup;
			children = (
				1D7B35662106E68000350DE0 /* GGuk.app */,
			);
			name = Products;
			sourceTree = "<group>";
		};
		1D7B35682106E68000350DE0 /* GGuk */ = {
			isa = PBXGroup;
			children = (
				5DE20D87211C3A8300C47724 /* NavigationControllers.swift */,
				1D7B35692106E68000350DE0 /* AppDelegate.swift */,
				1D7B356D2106E68000350DE0 /* Main.storyboard */,
				5D86D099213D38DB00DF7AD5 /* Main.swift */,
				1DD2B7762112DEC70049FDBE /* PawViewController.swift */,
				1D62FEBA21103761008E38CE /* dogViewController.swift */,
				1D2EB23F2109952F006E3F7D /* buttonViewController.swift */,
				5D71F4B621181D2300B70840 /* LightViewController.swift */,
				5D380ED1211A9B7000D1388F /* Coin.swift */,
				5D86D097213D31EA00DF7AD5 /* MyPickerView.swift */,
				5D86D05B213D270200DF7AD5 /* soundFile */,
				1D7B35702106E68000350DE0 /* Assets.xcassets */,
				1D7B35722106E68000350DE0 /* LaunchScreen.storyboard */,
				1D7B35752106E68000350DE0 /* Info.plist */,
				5D71F4AC2117E35A00B70840 /* sound.swift */,
				5D71F4AF2117E71E00B70840 /* PopUp.swift */,
				5D71F4CA21183C2C00B70840 /* Counter.swift */,
				5D86D092213D2BC100DF7AD5 /* neodgm.ttf */,
				5D770BF5211D416900EF95D5 /* slkscre.ttf */,
			);
			name = GGuk;
			path = "꾹꾹이";
			sourceTree = "<group>";
		};
		5D86D05B213D270200DF7AD5 /* soundFile */ = {
			isa = PBXGroup;
			children = (
				5D86D05C213D270200DF7AD5 /* btn2.mp3 */,
				5D86D05D213D270200DF7AD5 /* btn3.mp3 */,
				5D86D05E213D270200DF7AD5 /* jump.m4a */,
				5D86D05F213D270200DF7AD5 /* duck.m4a */,
				5D86D060213D270200DF7AD5 /* snow.m4a */,
				5D86D061213D270200DF7AD5 /* water2.m4a */,
				5D86D062213D270200DF7AD5 /* cookie.m4a */,
				5D86D063213D270200DF7AD5 /* bubble.m4a */,
				5D86D064213D270200DF7AD5 /* btnSound.m4a */,
				5D86D065213D270200DF7AD5 /* heart2.m4a */,
				5D86D066213D270200DF7AD5 /* snow2.m4a */,
				5D86D067213D270200DF7AD5 /* snow3.m4a */,
				5D86D068213D270200DF7AD5 /* water.m4a */,
				5D86D069213D270200DF7AD5 /* light2.m4a */,
				5D86D06A213D270200DF7AD5 /* cat.m4a */,
				5D86D06B213D270200DF7AD5 /* light3.m4a */,
				5D86D06C213D270200DF7AD5 /* light1.m4a */,
				5D86D06D213D270200DF7AD5 /* snow4.m4a */,
				5D86D06E213D270200DF7AD5 /* moon.m4a */,
				5D86D06F213D270200DF7AD5 /* light.m4a */,
				5D86D070213D270200DF7AD5 /* mouse.m4a */,
				5D86D071213D270200DF7AD5 /* angrycat.m4a */,
				5D86D072213D270200DF7AD5 /* doggy.m4a */,
				5D86D073213D270200DF7AD5 /* coin.m4a */,
				5D86D074213D270200DF7AD5 /* coinflip.m4a */,
				5D86D075213D270200DF7AD5 /* puppy.m4a */,
				5D86D076213D270200DF7AD5 /* glass.m4a */,
			);
			path = soundFile;
			sourceTree = "<group>";
		};
/* End PBXGroup section */

/* Begin PBXNativeTarget section */
		1D7B35652106E68000350DE0 /* GGuk */ = {
			isa = PBXNativeTarget;
			buildConfigurationList = 1D7B35782106E68000350DE0 /* Build configuration list for PBXNativeTarget "GGuk" */;
			buildPhases = (
				1D7B35622106E68000350DE0 /* Sources */,
				1D7B35632106E68000350DE0 /* Frameworks */,
				1D7B35642106E68000350DE0 /* Resources */,
			);
			buildRules = (
			);
			dependencies = (
			);
			name = GGuk;
			productName = "꾹꾹이";
			productReference = 1D7B35662106E68000350DE0 /* GGuk.app */;
			productType = "com.apple.product-type.application";
		};
/* End PBXNativeTarget section */

/* Begin PBXProject section */
		1D7B355E2106E68000350DE0 /* Project object */ = {
			isa = PBXProject;
			attributes = {
				LastSwiftUpdateCheck = 0830;
				LastUpgradeCheck = 0830;
				ORGANIZATIONNAME = CAUAD23;
				TargetAttributes = {
					1D7B35652106E68000350DE0 = {
						CreatedOnToolsVersion = 8.3.2;
						DevelopmentTeam = AN8T33K795;
						ProvisioningStyle = Automatic;
					};
				};
			};
			buildConfigurationList = 1D7B35612106E68000350DE0 /* Build configuration list for PBXProject "GGuk" */;
			compatibilityVersion = "Xcode 3.2";
			developmentRegion = English;
			hasScannedForEncodings = 0;
			knownRegions = (
				en,
				Base,
			);
			mainGroup = 1D7B355D2106E68000350DE0;
			productRefGroup = 1D7B35672106E68000350DE0 /* Products */;
			projectDirPath = "";
			projectRoot = "";
			targets = (
				1D7B35652106E68000350DE0 /* GGuk */,
			);
		};
/* End PBXProject section */

/* Begin PBXResourcesBuildPhase section */
		1D7B35642106E68000350DE0 /* Resources */ = {
			isa = PBXResourcesBuildPhase;
			buildActionMask = 2147483647;
			files = (
				5D86D093213D2BC800DF7AD5 /* neodgm.ttf in Resources */,
				1D7B35742106E68000350DE0 /* LaunchScreen.storyboard in Resources */,
				5D86D086213D270300DF7AD5 /* light3.m4a in Resources */,
				5D86D088213D270300DF7AD5 /* snow4.m4a in Resources */,
				5D86D07B213D270300DF7AD5 /* snow.m4a in Resources */,
				5D86D08B213D270300DF7AD5 /* mouse.m4a in Resources */,
				5D86D085213D270300DF7AD5 /* cat.m4a in Resources */,
				5D86D091213D270300DF7AD5 /* glass.m4a in Resources */,
				5D86D07F213D270300DF7AD5 /* btnSound.m4a in Resources */,
				5D86D08C213D270300DF7AD5 /* angrycat.m4a in Resources */,
				5D86D082213D270300DF7AD5 /* snow3.m4a in Resources */,
				5D86D079213D270300DF7AD5 /* jump.m4a in Resources */,
				5D86D083213D270300DF7AD5 /* water.m4a in Resources */,
				5D86D084213D270300DF7AD5 /* light2.m4a in Resources */,
				5D86D07C213D270300DF7AD5 /* water2.m4a in Resources */,
				5D86D08E213D270300DF7AD5 /* coin.m4a in Resources */,
				5D86D087213D270300DF7AD5 /* light1.m4a in Resources */,
				5D86D077213D270300DF7AD5 /* btn2.mp3 in Resources */,
				5D86D080213D270300DF7AD5 /* heart2.m4a in Resources */,
				5D86D08F213D270300DF7AD5 /* coinflip.m4a in Resources */,
				5D86D08D213D270300DF7AD5 /* doggy.m4a in Resources */,
				5D86D090213D270300DF7AD5 /* puppy.m4a in Resources */,
				5D86D089213D270300DF7AD5 /* moon.m4a in Resources */,
				5D86D081213D270300DF7AD5 /* snow2.m4a in Resources */,
				1D7B35712106E68000350DE0 /* Assets.xcassets in Resources */,
				5D86D08A213D270300DF7AD5 /* light.m4a in Resources */,
				1D7B356F2106E68000350DE0 /* Main.storyboard in Resources */,
				5D86D07D213D270300DF7AD5 /* cookie.m4a in Resources */,
				5D770BF6211D417800EF95D5 /* slkscre.ttf in Resources */,
				5D86D078213D270300DF7AD5 /* btn3.mp3 in Resources */,
				5D86D07E213D270300DF7AD5 /* bubble.m4a in Resources */,
				5D86D07A213D270300DF7AD5 /* duck.m4a in Resources */,
			);
			runOnlyForDeploymentPostprocessing = 0;
		};
/* End PBXResourcesBuildPhase section */

/* Begin PBXSourcesBuildPhase section */
		1D7B35622106E68000350DE0 /* Sources */ = {
			isa = PBXSourcesBuildPhase;
			buildActionMask = 2147483647;
			files = (
				5D71F4CB21183C2C00B70840 /* Counter.swift in Sources */,
				5D86D098213D31EA00DF7AD5 /* MyPickerView.swift in Sources */,
				5DE20D88211C3A8300C47724 /* NavigationControllers.swift in Sources */,
				1D2EB2402109952F006E3F7D /* buttonViewController.swift in Sources */,
				5D71F4B02117E71E00B70840 /* PopUp.swift in Sources */,
				1DD2B7772112DEC70049FDBE /* PawViewController.swift in Sources */,
				5D86D09A213D38DB00DF7AD5 /* Main.swift in Sources */,
				1D62FEBB21103761008E38CE /* dogViewController.swift in Sources */,
				1D7B356A2106E68000350DE0 /* AppDelegate.swift in Sources */,
				5D71F4B721181D2300B70840 /* LightViewController.swift in Sources */,
				5D380ED2211A9B7000D1388F /* Coin.swift in Sources */,
				5D71F4AD2117E35A00B70840 /* sound.swift in Sources */,
			);
			runOnlyForDeploymentPostprocessing = 0;
		};
/* End PBXSourcesBuildPhase section */

/* Begin PBXVariantGroup section */
		1D7B356D2106E68000350DE0 /* Main.storyboard */ = {
			isa = PBXVariantGroup;
			children = (
				1D7B356E2106E68000350DE0 /* Base */,
			);
			name = Main.storyboard;
			sourceTree = "<group>";
		};
		1D7B35722106E68000350DE0 /* LaunchScreen.storyboard */ = {
			isa = PBXVariantGroup;
			children = (
				1D7B35732106E68000350DE0 /* Base */,
			);
			name = LaunchScreen.storyboard;
			sourceTree = "<group>";
		};
/* End PBXVariantGroup section */

/* Begin XCBuildConfiguration section */
		1D7B35762106E68000350DE0 /* Debug */ = {
			isa = XCBuildConfiguration;
			buildSettings = {
				ALWAYS_SEARCH_USER_PATHS = NO;
				CLANG_ANALYZER_NONNULL = YES;
				CLANG_ANALYZER_NUMBER_OBJECT_CONVERSION = YES_AGGRESSIVE;
				CLANG_CXX_LANGUAGE_STANDARD = "gnu++0x";
				CLANG_CXX_LIBRARY = "libc++";
				CLANG_ENABLE_MODULES = YES;
				CLANG_ENABLE_OBJC_ARC = YES;
				CLANG_WARN_BOOL_CONVERSION = YES;
				CLANG_WARN_CONSTANT_CONVERSION = YES;
				CLANG_WARN_DIRECT_OBJC_ISA_USAGE = YES_ERROR;
				CLANG_WARN_DOCUMENTATION_COMMENTS = YES;
				CLANG_WARN_EMPTY_BODY = YES;
				CLANG_WARN_ENUM_CONVERSION = YES;
				CLANG_WARN_INFINITE_RECURSION = YES;
				CLANG_WARN_INT_CONVERSION = YES;
				CLANG_WARN_OBJC_ROOT_CLASS = YES_ERROR;
				CLANG_WARN_SUSPICIOUS_MOVE = YES;
				CLANG_WARN_UNREACHABLE_CODE = YES;
				CLANG_WARN__DUPLICATE_METHOD_MATCH = YES;
				"CODE_SIGN_IDENTITY[sdk=iphoneos*]" = "iPhone Developer";
				COPY_PHASE_STRIP = NO;
				DEBUG_ACTIVITY_MODE = "";
				"DEBUG_ACTIVITY_MODE[sdk=iphonesimulator*]" = disable;
				DEBUG_INFORMATION_FORMAT = dwarf;
				ENABLE_STRICT_OBJC_MSGSEND = YES;
				ENABLE_TESTABILITY = YES;
				GCC_C_LANGUAGE_STANDARD = gnu99;
				GCC_DYNAMIC_NO_PIC = NO;
				GCC_NO_COMMON_BLOCKS = YES;
				GCC_OPTIMIZATION_LEVEL = 0;
				GCC_PREPROCESSOR_DEFINITIONS = (
					"DEBUG=1",
					"$(inherited)",
				);
				GCC_WARN_64_TO_32_BIT_CONVERSION = YES;
				GCC_WARN_ABOUT_RETURN_TYPE = YES_ERROR;
				GCC_WARN_UNDECLARED_SELECTOR = YES;
				GCC_WARN_UNINITIALIZED_AUTOS = YES_AGGRESSIVE;
				GCC_WARN_UNUSED_FUNCTION = YES;
				GCC_WARN_UNUSED_VARIABLE = YES;
				IPHONEOS_DEPLOYMENT_TARGET = 10.3;
				MTL_ENABLE_DEBUG_INFO = YES;
				ONLY_ACTIVE_ARCH = YES;
				SDKROOT = iphoneos;
				SWIFT_ACTIVE_COMPILATION_CONDITIONS = DEBUG;
				SWIFT_OPTIMIZATION_LEVEL = "-Onone";
				TARGETED_DEVICE_FAMILY = "1,2";
			};
			name = Debug;
		};
		1D7B35772106E68000350DE0 /* Release */ = {
			isa = XCBuildConfiguration;
			buildSettings = {
				ALWAYS_SEARCH_USER_PATHS = NO;
				CLANG_ANALYZER_NONNULL = YES;
				CLANG_ANALYZER_NUMBER_OBJECT_CONVERSION = YES_AGGRESSIVE;
				CLANG_CXX_LANGUAGE_STANDARD = "gnu++0x";
				CLANG_CXX_LIBRARY = "libc++";
				CLANG_ENABLE_MODULES = YES;
				CLANG_ENABLE_OBJC_ARC = YES;
				CLANG_WARN_BOOL_CONVERSION = YES;
				CLANG_WARN_CONSTANT_CONVERSION = YES;
				CLANG_WARN_DIRECT_OBJC_ISA_USAGE = YES_ERROR;
				CLANG_WARN_DOCUMENTATION_COMMENTS = YES;
				CLANG_WARN_EMPTY_BODY = YES;
				CLANG_WARN_ENUM_CONVERSION = YES;
				CLANG_WARN_INFINITE_RECURSION = YES;
				CLANG_WARN_INT_CONVERSION = YES;
				CLANG_WARN_OBJC_ROOT_CLASS = YES_ERROR;
				CLANG_WARN_SUSPICIOUS_MOVE = YES;
				CLANG_WARN_UNREACHABLE_CODE = YES;
				CLANG_WARN__DUPLICATE_METHOD_MATCH = YES;
				"CODE_SIGN_IDENTITY[sdk=iphoneos*]" = "iPhone Developer";
				COPY_PHASE_STRIP = NO;
				DEBUG_ACTIVITY_MODE = "";
				DEBUG_INFORMATION_FORMAT = "dwarf-with-dsym";
				ENABLE_NS_ASSERTIONS = NO;
				ENABLE_STRICT_OBJC_MSGSEND = YES;
				GCC_C_LANGUAGE_STANDARD = gnu99;
				GCC_NO_COMMON_BLOCKS = YES;
				GCC_WARN_64_TO_32_BIT_CONVERSION = YES;
				GCC_WARN_ABOUT_RETURN_TYPE = YES_ERROR;
				GCC_WARN_UNDECLARED_SELECTOR = YES;
				GCC_WARN_UNINITIALIZED_AUTOS = YES_AGGRESSIVE;
				GCC_WARN_UNUSED_FUNCTION = YES;
				GCC_WARN_UNUSED_VARIABLE = YES;
				IPHONEOS_DEPLOYMENT_TARGET = 10.3;
				MTL_ENABLE_DEBUG_INFO = NO;
				SDKROOT = iphoneos;
				SWIFT_OPTIMIZATION_LEVEL = "-Owholemodule";
				TARGETED_DEVICE_FAMILY = "1,2";
				VALIDATE_PRODUCT = YES;
			};
			name = Release;
		};
		1D7B35792106E68000350DE0 /* Debug */ = {
			isa = XCBuildConfiguration;
			buildSettings = {
				ASSETCATALOG_COMPILER_APPICON_NAME = AppIcon;
				DEVELOPMENT_TEAM = AN8T33K795;
				INFOPLIST_FILE = "꾹꾹이/Info.plist";
				LD_RUNPATH_SEARCH_PATHS = "$(inherited) @executable_path/Frameworks";
				PRODUCT_BUNDLE_IDENTIFIER = "cau.--------";
				PRODUCT_NAME = "$(TARGET_NAME)";
				SWIFT_VERSION = 3.0;
			};
			name = Debug;
		};
		1D7B357A2106E68000350DE0 /* Release */ = {
			isa = XCBuildConfiguration;
			buildSettings = {
				ASSETCATALOG_COMPILER_APPICON_NAME = AppIcon;
				DEVELOPMENT_TEAM = AN8T33K795;
				INFOPLIST_FILE = "꾹꾹이/Info.plist";
				LD_RUNPATH_SEARCH_PATHS = "$(inherited) @executable_path/Frameworks";
				PRODUCT_BUNDLE_IDENTIFIER = "cau.--------";
				PRODUCT_NAME = "$(TARGET_NAME)";
				SWIFT_VERSION = 3.0;
			};
			name = Release;
		};
/* End XCBuildConfiguration section */

/* Begin XCConfigurationList section */
		1D7B35612106E68000350DE0 /* Build configuration list for PBXProject "GGuk" */ = {
			isa = XCConfigurationList;
			buildConfigurations = (
				1D7B35762106E68000350DE0 /* Debug */,
				1D7B35772106E68000350DE0 /* Release */,
			);
			defaultConfigurationIsVisible = 0;
			defaultConfigurationName = Release;
		};
		1D7B35782106E68000350DE0 /* Build configuration list for PBXNativeTarget "GGuk" */ = {
			isa = XCConfigurationList;
			buildConfigurations = (
				1D7B35792106E68000350DE0 /* Debug */,
				1D7B357A2106E68000350DE0 /* Release */,
			);
			defaultConfigurationIsVisible = 0;
			defaultConfigurationName = Release;
		};
/* End XCConfigurationList section */
	};
	rootObject = 1D7B355E2106E68000350DE0 /* Project object */;
}
