// !$*UTF8*$!
{
	archiveVersion = 1;
	classes = {
	};
	objectVersion = 46;
	objects = {

/* Begin PBXBuildFile section */
		1D2EB23821096FE8006E3F7D /* Mission.swift in Sources */ = {isa = PBXBuildFile; fileRef = 1D2EB23721096FE8006E3F7D /* Mission.swift */; };
		1D2EB2402109952F006E3F7D /* buttonViewController.swift in Sources */ = {isa = PBXBuildFile; fileRef = 1D2EB23F2109952F006E3F7D /* buttonViewController.swift */; };
		1D62FEB921102FCE008E38CE /* ppocViewController.swift in Sources */ = {isa = PBXBuildFile; fileRef = 1D62FEB821102FCE008E38CE /* ppocViewController.swift */; };
		1D62FEBB21103761008E38CE /* dogViewController.swift in Sources */ = {isa = PBXBuildFile; fileRef = 1D62FEBA21103761008E38CE /* dogViewController.swift */; };
		1D7B356A2106E68000350DE0 /* AppDelegate.swift in Sources */ = {isa = PBXBuildFile; fileRef = 1D7B35692106E68000350DE0 /* AppDelegate.swift */; };
		1D7B356C2106E68000350DE0 /* ViewController.swift in Sources */ = {isa = PBXBuildFile; fileRef = 1D7B356B2106E68000350DE0 /* ViewController.swift */; };
		1D7B356F2106E68000350DE0 /* Main.storyboard in Resources */ = {isa = PBXBuildFile; fileRef = 1D7B356D2106E68000350DE0 /* Main.storyboard */; };
		1D7B35712106E68000350DE0 /* Assets.xcassets in Resources */ = {isa = PBXBuildFile; fileRef = 1D7B35702106E68000350DE0 /* Assets.xcassets */; };
		1D7B35742106E68000350DE0 /* LaunchScreen.storyboard in Resources */ = {isa = PBXBuildFile; fileRef = 1D7B35722106E68000350DE0 /* LaunchScreen.storyboard */; };
		5D67C8722113EB7200844CE8 /* dogSound.mp3 in Resources */ = {isa = PBXBuildFile; fileRef = 5D67C8712113EB7200844CE8 /* dogSound.mp3 */; };
/* End PBXBuildFile section */

/* Begin PBXFileReference section */
		1D2EB23721096FE8006E3F7D /* Mission.swift */ = {isa = PBXFileReference; fileEncoding = 4; lastKnownFileType = sourcecode.swift; path = Mission.swift; sourceTree = "<group>"; };
		1D2EB23F2109952F006E3F7D /* buttonViewController.swift */ = {isa = PBXFileReference; fileEncoding = 4; lastKnownFileType = sourcecode.swift; path = buttonViewController.swift; sourceTree = "<group>"; };
		1D62FEB821102FCE008E38CE /* ppocViewController.swift */ = {isa = PBXFileReference; fileEncoding = 4; lastKnownFileType = sourcecode.swift; path = ppocViewController.swift; sourceTree = "<group>"; };
		1D62FEBA21103761008E38CE /* dogViewController.swift */ = {isa = PBXFileReference; fileEncoding = 4; lastKnownFileType = sourcecode.swift; path = dogViewController.swift; sourceTree = "<group>"; };
		1D7B35662106E68000350DE0 /* GGuk.app */ = {isa = PBXFileReference; explicitFileType = wrapper.application; includeInIndex = 0; path = GGuk.app; sourceTree = BUILT_PRODUCTS_DIR; };
		1D7B35692106E68000350DE0 /* AppDelegate.swift */ = {isa = PBXFileReference; lastKnownFileType = sourcecode.swift; path = AppDelegate.swift; sourceTree = "<group>"; };
		1D7B356B2106E68000350DE0 /* ViewController.swift */ = {isa = PBXFileReference; lastKnownFileType = sourcecode.swift; path = ViewController.swift; sourceTree = "<group>"; };
		1D7B356E2106E68000350DE0 /* Base */ = {isa = PBXFileReference; lastKnownFileType = file.storyboard; name = Base; path = Base.lproj/Main.storyboard; sourceTree = "<group>"; };
		1D7B35702106E68000350DE0 /* Assets.xcassets */ = {isa = PBXFileReference; lastKnownFileType = folder.assetcatalog; path = Assets.xcassets; sourceTree = "<group>"; };
		1D7B35732106E68000350DE0 /* Base */ = {isa = PBXFileReference; lastKnownFileType = file.storyboard; name = Base; path = Base.lproj/LaunchScreen.storyboard; sourceTree = "<group>"; };
		1D7B35752106E68000350DE0 /* Info.plist */ = {isa = PBXFileReference; lastKnownFileType = text.plist.xml; path = Info.plist; sourceTree = "<group>"; };
		5D67C8712113EB7200844CE8 /* dogSound.mp3 */ = {isa = PBXFileReference; lastKnownFileType = audio.mp3; path = dogSound.mp3; sourceTree = "<group>"; };
/* End PBXFileReference section */

/* Begin PBXFrameworksBuildPhase section */
		1D7B35632106E68000350DE0 /* Frameworks */ = {
			isa = PBXFrameworksBuildPhase;
			buildActionMask = 2147483647;
			files = (
			);
			runOnlyForDeploymentPostprocessing = 0;
		};
/* End PBXFrameworksBuildPhase section */

/* Begin PBXGroup section */
		1D7B355D2106E68000350DE0 = {
			isa = PBXGroup;
			children = (
				1D7B35682106E68000350DE0 /* GGuk */,
				1D7B35672106E68000350DE0 /* Products */,
			);
			sourceTree = "<group>";
		};
		1D7B35672106E68000350DE0 /* Products */ = {
			isa = PBXGroup;
			children = (
				1D7B35662106E68000350DE0 /* GGuk.app */,
			);
			name = Products;
			sourceTree = "<group>";
		};
		1D7B35682106E68000350DE0 /* GGuk */ = {
			isa = PBXGroup;
			children = (
				5D67C8712113EB7200844CE8 /* dogSound.mp3 */,
				1D7B35692106E68000350DE0 /* AppDelegate.swift */,
				1D7B356B2106E68000350DE0 /* ViewController.swift */,
				1D2EB23721096FE8006E3F7D /* Mission.swift */,
				1D7B356D2106E68000350DE0 /* Main.storyboard */,
				1D62FEBA21103761008E38CE /* dogViewController.swift */,
				1D62FEB821102FCE008E38CE /* ppocViewController.swift */,
				1D2EB23F2109952F006E3F7D /* buttonViewController.swift */,
				1D7B35702106E68000350DE0 /* Assets.xcassets */,
				1D7B35722106E68000350DE0 /* LaunchScreen.storyboard */,
				1D7B35752106E68000350DE0 /* Info.plist */,
			);
			name = GGuk;
			path = "꾹꾹이";
			sourceTree = "<group>";
		};
/* End PBXGroup section */

/* Begin PBXNativeTarget section */
		1D7B35652106E68000350DE0 /* GGuk */ = {
			isa = PBXNativeTarget;
			buildConfigurationList = 1D7B35782106E68000350DE0 /* Build configuration list for PBXNativeTarget "GGuk" */;
			buildPhases = (
				1D7B35622106E68000350DE0 /* Sources */,
				1D7B35632106E68000350DE0 /* Frameworks */,
				1D7B35642106E68000350DE0 /* Resources */,
			);
			buildRules = (
			);
			dependencies = (
			);
			name = GGuk;
			productName = "꾹꾹이";
			productReference = 1D7B35662106E68000350DE0 /* GGuk.app */;
			productType = "com.apple.product-type.application";
		};
/* End PBXNativeTarget section */

/* Begin PBXProject section */
		1D7B355E2106E68000350DE0 /* Project object */ = {
			isa = PBXProject;
			attributes = {
				LastSwiftUpdateCheck = 0830;
				LastUpgradeCheck = 0830;
				ORGANIZATIONNAME = CAUAD23;
				TargetAttributes = {
					1D7B35652106E68000350DE0 = {
						CreatedOnToolsVersion = 8.3.2;
						ProvisioningStyle = Automatic;
					};
				};
			};
			buildConfigurationList = 1D7B35612106E68000350DE0 /* Build configuration list for PBXProject "GGuk" */;
			compatibilityVersion = "Xcode 3.2";
			developmentRegion = English;
			hasScannedForEncodings = 0;
			knownRegions = (
				en,
				Base,
			);
			mainGroup = 1D7B355D2106E68000350DE0;
			productRefGroup = 1D7B35672106E68000350DE0 /* Products */;
			projectDirPath = "";
			projectRoot = "";
			targets = (
				1D7B35652106E68000350DE0 /* GGuk */,
			);
		};
/* End PBXProject section */

/* Begin PBXResourcesBuildPhase section */
		1D7B35642106E68000350DE0 /* Resources */ = {
			isa = PBXResourcesBuildPhase;
			buildActionMask = 2147483647;
			files = (
				1D7B35742106E68000350DE0 /* LaunchScreen.storyboard in Resources */,
				5D67C8722113EB7200844CE8 /* dogSound.mp3 in Resources */,
				1D7B35712106E68000350DE0 /* Assets.xcassets in Resources */,
				1D7B356F2106E68000350DE0 /* Main.storyboard in Resources */,
			);
			runOnlyForDeploymentPostprocessing = 0;
		};
/* End PBXResourcesBuildPhase section */

/* Begin PBXSourcesBuildPhase section */
		1D7B35622106E68000350DE0 /* Sources */ = {
			isa = PBXSourcesBuildPhase;
			buildActionMask = 2147483647;
			files = (
				1D62FEB921102FCE008E38CE /* ppocViewController.swift in Sources */,
				1D2EB2402109952F006E3F7D /* buttonViewController.swift in Sources */,
				1D2EB23821096FE8006E3F7D /* Mission.swift in Sources */,
				1D62FEBB21103761008E38CE /* dogViewController.swift in Sources */,
				1D7B356C2106E68000350DE0 /* ViewController.swift in Sources */,
				1D7B356A2106E68000350DE0 /* AppDelegate.swift in Sources */,
			);
			runOnlyForDeploymentPostprocessing = 0;
		};
/* End PBXSourcesBuildPhase section */

/* Begin PBXVariantGroup section */
		1D7B356D2106E68000350DE0 /* Main.storyboard */ = {
			isa = PBXVariantGroup;
			children = (
				1D7B356E2106E68000350DE0 /* Base */,
			);
			name = Main.storyboard;
			sourceTree = "<group>";
		};
		1D7B35722106E68000350DE0 /* LaunchScreen.storyboard */ = {
			isa = PBXVariantGroup;
			children = (
				1D7B35732106E68000350DE0 /* Base */,
			);
			name = LaunchScreen.storyboard;
			sourceTree = "<group>";
		};
/* End PBXVariantGroup section */

/* Begin XCBuildConfiguration section */
		1D7B35762106E68000350DE0 /* Debug */ = {
			isa = XCBuildConfiguration;
			buildSettings = {
				ALWAYS_SEARCH_USER_PATHS = NO;
				CLANG_ANALYZER_NONNULL = YES;
				CLANG_ANALYZER_NUMBER_OBJECT_CONVERSION = YES_AGGRESSIVE;
				CLANG_CXX_LANGUAGE_STANDARD = "gnu++0x";
				CLANG_CXX_LIBRARY = "libc++";
				CLANG_ENABLE_MODULES = YES;
				CLANG_ENABLE_OBJC_ARC = YES;
				CLANG_WARN_BOOL_CONVERSION = YES;
				CLANG_WARN_CONSTANT_CONVERSION = YES;
				CLANG_WARN_DIRECT_OBJC_ISA_USAGE = YES_ERROR;
				CLANG_WARN_DOCUMENTATION_COMMENTS = YES;
				CLANG_WARN_EMPTY_BODY = YES;
				CLANG_WARN_ENUM_CONVERSION = YES;
				CLANG_WARN_INFINITE_RECURSION = YES;
				CLANG_WARN_INT_CONVERSION = YES;
				CLANG_WARN_OBJC_ROOT_CLASS = YES_ERROR;
				CLANG_WARN_SUSPICIOUS_MOVE = YES;
				CLANG_WARN_UNREACHABLE_CODE = YES;
				CLANG_WARN__DUPLICATE_METHOD_MATCH = YES;
				"CODE_SIGN_IDENTITY[sdk=iphoneos*]" = "iPhone Developer";
				COPY_PHASE_STRIP = NO;
				DEBUG_INFORMATION_FORMAT = dwarf;
				ENABLE_STRICT_OBJC_MSGSEND = YES;
				ENABLE_TESTABILITY = YES;
				GCC_C_LANGUAGE_STANDARD = gnu99;
				GCC_DYNAMIC_NO_PIC = NO;
				GCC_NO_COMMON_BLOCKS = YES;
				GCC_OPTIMIZATION_LEVEL = 0;
				GCC_PREPROCESSOR_DEFINITIONS = (
					"DEBUG=1",
					"$(inherited)",
				);
				GCC_WARN_64_TO_32_BIT_CONVERSION = YES;
				GCC_WARN_ABOUT_RETURN_TYPE = YES_ERROR;
				GCC_WARN_UNDECLARED_SELECTOR = YES;
				GCC_WARN_UNINITIALIZED_AUTOS = YES_AGGRESSIVE;
				GCC_WARN_UNUSED_FUNCTION = YES;
				GCC_WARN_UNUSED_VARIABLE = YES;
				IPHONEOS_DEPLOYMENT_TARGET = 10.3;
				MTL_ENABLE_DEBUG_INFO = YES;
				ONLY_ACTIVE_ARCH = YES;
				SDKROOT = iphoneos;
				SWIFT_ACTIVE_COMPILATION_CONDITIONS = DEBUG;
				SWIFT_OPTIMIZATION_LEVEL = "-Onone";
				TARGETED_DEVICE_FAMILY = "1,2";
			};
			name = Debug;
		};
		1D7B35772106E68000350DE0 /* Release */ = {
			isa = XCBuildConfiguration;
			buildSettings = {
				ALWAYS_SEARCH_USER_PATHS = NO;
				CLANG_ANALYZER_NONNULL = YES;
				CLANG_ANALYZER_NUMBER_OBJECT_CONVERSION = YES_AGGRESSIVE;
				CLANG_CXX_LANGUAGE_STANDARD = "gnu++0x";
				CLANG_CXX_LIBRARY = "libc++";
				CLANG_ENABLE_MODULES = YES;
				CLANG_ENABLE_OBJC_ARC = YES;
				CLANG_WARN_BOOL_CONVERSION = YES;
				CLANG_WARN_CONSTANT_CONVERSION = YES;
				CLANG_WARN_DIRECT_OBJC_ISA_USAGE = YES_ERROR;
				CLANG_WARN_DOCUMENTATION_COMMENTS = YES;
				CLANG_WARN_EMPTY_BODY = YES;
				CLANG_WARN_ENUM_CONVERSION = YES;
				CLANG_WARN_INFINITE_RECURSION = YES;
				CLANG_WARN_INT_CONVERSION = YES;
				CLANG_WARN_OBJC_ROOT_CLASS = YES_ERROR;
				CLANG_WARN_SUSPICIOUS_MOVE = YES;
				CLANG_WARN_UNREACHABLE_CODE = YES;
				CLANG_WARN__DUPLICATE_METHOD_MATCH = YES;
				"CODE_SIGN_IDENTITY[sdk=iphoneos*]" = "iPhone Developer";
				COPY_PHASE_STRIP = NO;
				DEBUG_INFORMATION_FORMAT = "dwarf-with-dsym";
				ENABLE_NS_ASSERTIONS = NO;
				ENABLE_STRICT_OBJC_MSGSEND = YES;
				GCC_C_LANGUAGE_STANDARD = gnu99;
				GCC_NO_COMMON_BLOCKS = YES;
				GCC_WARN_64_TO_32_BIT_CONVERSION = YES;
				GCC_WARN_ABOUT_RETURN_TYPE = YES_ERROR;
				GCC_WARN_UNDECLARED_SELECTOR = YES;
				GCC_WARN_UNINITIALIZED_AUTOS = YES_AGGRESSIVE;
				GCC_WARN_UNUSED_FUNCTION = YES;
				GCC_WARN_UNUSED_VARIABLE = YES;
				IPHONEOS_DEPLOYMENT_TARGET = 10.3;
				MTL_ENABLE_DEBUG_INFO = NO;
				SDKROOT = iphoneos;
				SWIFT_OPTIMIZATION_LEVEL = "-Owholemodule";
				TARGETED_DEVICE_FAMILY = "1,2";
				VALIDATE_PRODUCT = YES;
			};
			name = Release;
		};
		1D7B35792106E68000350DE0 /* Debug */ = {
			isa = XCBuildConfiguration;
			buildSettings = {
				ASSETCATALOG_COMPILER_APPICON_NAME = AppIcon;
				INFOPLIST_FILE = "꾹꾹이/Info.plist";
				LD_RUNPATH_SEARCH_PATHS = "$(inherited) @executable_path/Frameworks";
				PRODUCT_BUNDLE_IDENTIFIER = "cau.--------";
				PRODUCT_NAME = "$(TARGET_NAME)";
				SWIFT_VERSION = 3.0;
			};
			name = Debug;
		};
		1D7B357A2106E68000350DE0 /* Release */ = {
			isa = XCBuildConfiguration;
			buildSettings = {
				ASSETCATALOG_COMPILER_APPICON_NAME = AppIcon;
				INFOPLIST_FILE = "꾹꾹이/Info.plist";
				LD_RUNPATH_SEARCH_PATHS = "$(inherited) @executable_path/Frameworks";
				PRODUCT_BUNDLE_IDENTIFIER = "cau.--------";
				PRODUCT_NAME = "$(TARGET_NAME)";
				SWIFT_VERSION = 3.0;
			};
			name = Release;
		};
/* End XCBuildConfiguration section */

/* Begin XCConfigurationList section */
		1D7B35612106E68000350DE0 /* Build configuration list for PBXProject "GGuk" */ = {
			isa = XCConfigurationList;
			buildConfigurations = (
				1D7B35762106E68000350DE0 /* Debug */,
				1D7B35772106E68000350DE0 /* Release */,
			);
			defaultConfigurationIsVisible = 0;
			defaultConfigurationName = Release;
		};
		1D7B35782106E68000350DE0 /* Build configuration list for PBXNativeTarget "GGuk" */ = {
			isa = XCConfigurationList;
			buildConfigurations = (
				1D7B35792106E68000350DE0 /* Debug */,
				1D7B357A2106E68000350DE0 /* Release */,
			);
			defaultConfigurationIsVisible = 0;
			defaultConfigurationName = Release;
		};
/* End XCConfigurationList section */
	};
	rootObject = 1D7B355E2106E68000350DE0 /* Project object */;
}
