// !$*UTF8*$!
{
	archiveVersion = 1;
	classes = {
	};
	objectVersion = 46;
	objects = {

/* Begin PBXBuildFile section */
		1D2269462119433E00E48C44 /* cat.m4a in Resources */ = {isa = PBXBuildFile; fileRef = 1D2269452119433300E48C44 /* cat.m4a */; };
		1D2269482119446B00E48C44 /* light.m4a in Resources */ = {isa = PBXBuildFile; fileRef = 1D2269472119446700E48C44 /* light.m4a */; };
		1D2EB2402109952F006E3F7D /* buttonViewController.swift in Sources */ = {isa = PBXBuildFile; fileRef = 1D2EB23F2109952F006E3F7D /* buttonViewController.swift */; };
		1D62FEBB21103761008E38CE /* dogViewController.swift in Sources */ = {isa = PBXBuildFile; fileRef = 1D62FEBA21103761008E38CE /* dogViewController.swift */; };
		1D7B356A2106E68000350DE0 /* AppDelegate.swift in Sources */ = {isa = PBXBuildFile; fileRef = 1D7B35692106E68000350DE0 /* AppDelegate.swift */; };
		1D7B356F2106E68000350DE0 /* Main.storyboard in Resources */ = {isa = PBXBuildFile; fileRef = 1D7B356D2106E68000350DE0 /* Main.storyboard */; };
		1D7B35712106E68000350DE0 /* Assets.xcassets in Resources */ = {isa = PBXBuildFile; fileRef = 1D7B35702106E68000350DE0 /* Assets.xcassets */; };
		1D7B35742106E68000350DE0 /* LaunchScreen.storyboard in Resources */ = {isa = PBXBuildFile; fileRef = 1D7B35722106E68000350DE0 /* LaunchScreen.storyboard */; };
		1DD2B7552112A37D0049FDBE /* PpocCollectionViewController.swift in Sources */ = {isa = PBXBuildFile; fileRef = 1DD2B7542112A37D0049FDBE /* PpocCollectionViewController.swift */; };
		1DD2B7572112A4BE0049FDBE /* CollectionViewCell.swift in Sources */ = {isa = PBXBuildFile; fileRef = 1DD2B7562112A4BE0049FDBE /* CollectionViewCell.swift */; };
		1DD2B7772112DEC70049FDBE /* PawViewController.swift in Sources */ = {isa = PBXBuildFile; fileRef = 1DD2B7762112DEC70049FDBE /* PawViewController.swift */; };
		5D380ED2211A9B7000D1388F /* Coin.swift in Sources */ = {isa = PBXBuildFile; fileRef = 5D380ED1211A9B7000D1388F /* Coin.swift */; };
		5D67C8B82114201000844CE8 /* dv.m4a in Resources */ = {isa = PBXBuildFile; fileRef = 5D67C8B721141EC200844CE8 /* dv.m4a */; };
		5D71F4AD2117E35A00B70840 /* sound.swift in Sources */ = {isa = PBXBuildFile; fileRef = 5D71F4AC2117E35A00B70840 /* sound.swift */; };
		5D71F4B02117E71E00B70840 /* PopUp.swift in Sources */ = {isa = PBXBuildFile; fileRef = 5D71F4AF2117E71E00B70840 /* PopUp.swift */; };
		5D71F4B22117FBBD00B70840 /* bubble.m4a in Resources */ = {isa = PBXBuildFile; fileRef = 5D71F4AE2117E69400B70840 /* bubble.m4a */; };
		5D71F4B32117FBC400B70840 /* btnSound.m4a in Resources */ = {isa = PBXBuildFile; fileRef = 5D71F4B12117FB1600B70840 /* btnSound.m4a */; };
		5D71F4B721181D2300B70840 /* LightViewController.swift in Sources */ = {isa = PBXBuildFile; fileRef = 5D71F4B621181D2300B70840 /* LightViewController.swift */; };
		5D71F4B92118214400B70840 /* snow.m4a in Resources */ = {isa = PBXBuildFile; fileRef = 5D71F4B82118213F00B70840 /* snow.m4a */; };
		5D71F4BD21182BC500B70840 /* snow2.m4a in Resources */ = {isa = PBXBuildFile; fileRef = 5D71F4BA21182BBE00B70840 /* snow2.m4a */; };
		5D71F4BE21182BC800B70840 /* snow3.m4a in Resources */ = {isa = PBXBuildFile; fileRef = 5D71F4BB21182BBE00B70840 /* snow3.m4a */; };
		5D71F4BF21182BCA00B70840 /* snow4.m4a in Resources */ = {isa = PBXBuildFile; fileRef = 5D71F4BC21182BBE00B70840 /* snow4.m4a */; };
		5D71F4C121182C3300B70840 /* btn2.mp3 in Resources */ = {isa = PBXBuildFile; fileRef = 5D71F4C021182C3300B70840 /* btn2.mp3 */; };
		5D71F4C321182C3E00B70840 /* btn3.mp3 in Resources */ = {isa = PBXBuildFile; fileRef = 5D71F4C221182C3E00B70840 /* btn3.mp3 */; };
		5D71F4C721182D3000B70840 /* light1.m4a in Resources */ = {isa = PBXBuildFile; fileRef = 5D71F4C421182CCB00B70840 /* light1.m4a */; };
		5D71F4C821182D3200B70840 /* light2.m4a in Resources */ = {isa = PBXBuildFile; fileRef = 5D71F4C521182CED00B70840 /* light2.m4a */; };
		5D71F4C921182D3400B70840 /* light3.m4a in Resources */ = {isa = PBXBuildFile; fileRef = 5D71F4C621182D2100B70840 /* light3.m4a */; };
		5D71F4CB21183C2C00B70840 /* Counter.swift in Sources */ = {isa = PBXBuildFile; fileRef = 5D71F4CA21183C2C00B70840 /* Counter.swift */; };
/* End PBXBuildFile section */

/* Begin PBXFileReference section */
		1D2269452119433300E48C44 /* cat.m4a */ = {isa = PBXFileReference; lastKnownFileType = file; path = cat.m4a; sourceTree = "<group>"; };
		1D2269472119446700E48C44 /* light.m4a */ = {isa = PBXFileReference; lastKnownFileType = file; path = light.m4a; sourceTree = "<group>"; };
		1D2EB23F2109952F006E3F7D /* buttonViewController.swift */ = {isa = PBXFileReference; fileEncoding = 4; lastKnownFileType = sourcecode.swift; path = buttonViewController.swift; sourceTree = "<group>"; };
		1D62FEBA21103761008E38CE /* dogViewController.swift */ = {isa = PBXFileReference; fileEncoding = 4; lastKnownFileType = sourcecode.swift; path = dogViewController.swift; sourceTree = "<group>"; };
		1D7B35662106E68000350DE0 /* GGuk.app */ = {isa = PBXFileReference; explicitFileType = wrapper.application; includeInIndex = 0; path = GGuk.app; sourceTree = BUILT_PRODUCTS_DIR; };
		1D7B35692106E68000350DE0 /* AppDelegate.swift */ = {isa = PBXFileReference; lastKnownFileType = sourcecode.swift; path = AppDelegate.swift; sourceTree = "<group>"; };
		1D7B356E2106E68000350DE0 /* Base */ = {isa = PBXFileReference; lastKnownFileType = file.storyboard; name = Base; path = Base.lproj/Main.storyboard; sourceTree = "<group>"; };
		1D7B35702106E68000350DE0 /* Assets.xcassets */ = {isa = PBXFileReference; lastKnownFileType = folder.assetcatalog; path = Assets.xcassets; sourceTree = "<group>"; };
		1D7B35732106E68000350DE0 /* Base */ = {isa = PBXFileReference; lastKnownFileType = file.storyboard; name = Base; path = Base.lproj/LaunchScreen.storyboard; sourceTree = "<group>"; };
		1D7B35752106E68000350DE0 /* Info.plist */ = {isa = PBXFileReference; lastKnownFileType = text.plist.xml; path = Info.plist; sourceTree = "<group>"; };
		1DD2B7542112A37D0049FDBE /* PpocCollectionViewController.swift */ = {isa = PBXFileReference; fileEncoding = 4; lastKnownFileType = sourcecode.swift; path = PpocCollectionViewController.swift; sourceTree = "<group>"; };
		1DD2B7562112A4BE0049FDBE /* CollectionViewCell.swift */ = {isa = PBXFileReference; fileEncoding = 4; lastKnownFileType = sourcecode.swift; path = CollectionViewCell.swift; sourceTree = "<group>"; };
		1DD2B7762112DEC70049FDBE /* PawViewController.swift */ = {isa = PBXFileReference; fileEncoding = 4; lastKnownFileType = sourcecode.swift; path = PawViewController.swift; sourceTree = "<group>"; };
		5D380ED1211A9B7000D1388F /* Coin.swift */ = {isa = PBXFileReference; lastKnownFileType = sourcecode.swift; path = Coin.swift; sourceTree = "<group>"; };
		5D67C8B721141EC200844CE8 /* dv.m4a */ = {isa = PBXFileReference; lastKnownFileType = file; path = dv.m4a; sourceTree = "<group>"; };
		5D71F4AC2117E35A00B70840 /* sound.swift */ = {isa = PBXFileReference; fileEncoding = 4; lastKnownFileType = sourcecode.swift; path = sound.swift; sourceTree = "<group>"; };
		5D71F4AE2117E69400B70840 /* bubble.m4a */ = {isa = PBXFileReference; lastKnownFileType = file; path = bubble.m4a; sourceTree = "<group>"; };
		5D71F4AF2117E71E00B70840 /* PopUp.swift */ = {isa = PBXFileReference; fileEncoding = 4; lastKnownFileType = sourcecode.swift; path = PopUp.swift; sourceTree = "<group>"; };
		5D71F4B12117FB1600B70840 /* btnSound.m4a */ = {isa = PBXFileReference; lastKnownFileType = file; path = btnSound.m4a; sourceTree = "<group>"; };
		5D71F4B621181D2300B70840 /* LightViewController.swift */ = {isa = PBXFileReference; fileEncoding = 4; lastKnownFileType = sourcecode.swift; path = LightViewController.swift; sourceTree = "<group>"; };
		5D71F4B82118213F00B70840 /* snow.m4a */ = {isa = PBXFileReference; lastKnownFileType = file; path = snow.m4a; sourceTree = "<group>"; };
		5D71F4BA21182BBE00B70840 /* snow2.m4a */ = {isa = PBXFileReference; lastKnownFileType = file; path = snow2.m4a; sourceTree = "<group>"; };
		5D71F4BB21182BBE00B70840 /* snow3.m4a */ = {isa = PBXFileReference; lastKnownFileType = file; path = snow3.m4a; sourceTree = "<group>"; };
		5D71F4BC21182BBE00B70840 /* snow4.m4a */ = {isa = PBXFileReference; lastKnownFileType = file; path = snow4.m4a; sourceTree = "<group>"; };
		5D71F4C021182C3300B70840 /* btn2.mp3 */ = {isa = PBXFileReference; lastKnownFileType = audio.mp3; path = btn2.mp3; sourceTree = "<group>"; };
		5D71F4C221182C3E00B70840 /* btn3.mp3 */ = {isa = PBXFileReference; lastKnownFileType = audio.mp3; path = btn3.mp3; sourceTree = "<group>"; };
		5D71F4C421182CCB00B70840 /* light1.m4a */ = {isa = PBXFileReference; lastKnownFileType = file; path = light1.m4a; sourceTree = "<group>"; };
		5D71F4C521182CED00B70840 /* light2.m4a */ = {isa = PBXFileReference; lastKnownFileType = file; path = light2.m4a; sourceTree = "<group>"; };
		5D71F4C621182D2100B70840 /* light3.m4a */ = {isa = PBXFileReference; lastKnownFileType = file; path = light3.m4a; sourceTree = "<group>"; };
		5D71F4CA21183C2C00B70840 /* Counter.swift */ = {isa = PBXFileReference; fileEncoding = 4; lastKnownFileType = sourcecode.swift; path = Counter.swift; sourceTree = "<group>"; };
/* End PBXFileReference section */

/* Begin PBXFrameworksBuildPhase section */
		1D7B35632106E68000350DE0 /* Frameworks */ = {
			isa = PBXFrameworksBuildPhase;
			buildActionMask = 2147483647;
			files = (
			);
			runOnlyForDeploymentPostprocessing = 0;
		};
/* End PBXFrameworksBuildPhase section */

/* Begin PBXGroup section */
		1D7B355D2106E68000350DE0 = {
			isa = PBXGroup;
			children = (
				1D7B35682106E68000350DE0 /* GGuk */,
				1D7B35672106E68000350DE0 /* Products */,
			);
			sourceTree = "<group>";
		};
		1D7B35672106E68000350DE0 /* Products */ = {
			isa = PBXGroup;
			children = (
				1D7B35662106E68000350DE0 /* GGuk.app */,
			);
			name = Products;
			sourceTree = "<group>";
		};
		1D7B35682106E68000350DE0 /* GGuk */ = {
			isa = PBXGroup;
			children = (
				1D7B35692106E68000350DE0 /* AppDelegate.swift */,
				1D7B356D2106E68000350DE0 /* Main.storyboard */,
				1DD2B7762112DEC70049FDBE /* PawViewController.swift */,
				1DD2B7562112A4BE0049FDBE /* CollectionViewCell.swift */,
				1DD2B7542112A37D0049FDBE /* PpocCollectionViewController.swift */,
				1D62FEBA21103761008E38CE /* dogViewController.swift */,
				1D2EB23F2109952F006E3F7D /* buttonViewController.swift */,
				5D71F4B621181D2300B70840 /* LightViewController.swift */,
				5D67C8B721141EC200844CE8 /* dv.m4a */,
				5D71F4C021182C3300B70840 /* btn2.mp3 */,
				5D71F4C221182C3E00B70840 /* btn3.mp3 */,
				5D71F4B12117FB1600B70840 /* btnSound.m4a */,
				5D71F4AE2117E69400B70840 /* bubble.m4a */,
				5D71F4B82118213F00B70840 /* snow.m4a */,
				5D71F4BA21182BBE00B70840 /* snow2.m4a */,
				5D71F4BB21182BBE00B70840 /* snow3.m4a */,
				5D71F4BC21182BBE00B70840 /* snow4.m4a */,
				5D71F4C421182CCB00B70840 /* light1.m4a */,
				5D71F4C521182CED00B70840 /* light2.m4a */,
				5D71F4C621182D2100B70840 /* light3.m4a */,
				1D2269452119433300E48C44 /* cat.m4a */,
				1D2269472119446700E48C44 /* light.m4a */,
				1D7B35702106E68000350DE0 /* Assets.xcassets */,
				1D7B35722106E68000350DE0 /* LaunchScreen.storyboard */,
				1D7B35752106E68000350DE0 /* Info.plist */,
				5D71F4AC2117E35A00B70840 /* sound.swift */,
				5D71F4AF2117E71E00B70840 /* PopUp.swift */,
				5D71F4CA21183C2C00B70840 /* Counter.swift */,
				5D380ED1211A9B7000D1388F /* Coin.swift */,
			);
			name = GGuk;
			path = "꾹꾹이";
			sourceTree = "<group>";
		};
/* End PBXGroup section */

/* Begin PBXNativeTarget section */
		1D7B35652106E68000350DE0 /* GGuk */ = {
			isa = PBXNativeTarget;
			buildConfigurationList = 1D7B35782106E68000350DE0 /* Build configuration list for PBXNativeTarget "GGuk" */;
			buildPhases = (
				1D7B35622106E68000350DE0 /* Sources */,
				1D7B35632106E68000350DE0 /* Frameworks */,
				1D7B35642106E68000350DE0 /* Resources */,
			);
			buildRules = (
			);
			dependencies = (
			);
			name = GGuk;
			productName = "꾹꾹이";
			productReference = 1D7B35662106E68000350DE0 /* GGuk.app */;
			productType = "com.apple.product-type.application";
		};
/* End PBXNativeTarget section */

/* Begin PBXProject section */
		1D7B355E2106E68000350DE0 /* Project object */ = {
			isa = PBXProject;
			attributes = {
				LastSwiftUpdateCheck = 0830;
				LastUpgradeCheck = 0830;
				ORGANIZATIONNAME = CAUAD23;
				TargetAttributes = {
					1D7B35652106E68000350DE0 = {
						CreatedOnToolsVersion = 8.3.2;
						DevelopmentTeam = AN8T33K795;
						ProvisioningStyle = Automatic;
					};
				};
			};
			buildConfigurationList = 1D7B35612106E68000350DE0 /* Build configuration list for PBXProject "GGuk" */;
			compatibilityVersion = "Xcode 3.2";
			developmentRegion = English;
			hasScannedForEncodings = 0;
			knownRegions = (
				en,
				Base,
			);
			mainGroup = 1D7B355D2106E68000350DE0;
			productRefGroup = 1D7B35672106E68000350DE0 /* Products */;
			projectDirPath = "";
			projectRoot = "";
			targets = (
				1D7B35652106E68000350DE0 /* GGuk */,
			);
		};
/* End PBXProject section */

/* Begin PBXResourcesBuildPhase section */
		1D7B35642106E68000350DE0 /* Resources */ = {
			isa = PBXResourcesBuildPhase;
			buildActionMask = 2147483647;
			files = (
				1D7B35742106E68000350DE0 /* LaunchScreen.storyboard in Resources */,
				1D7B35712106E68000350DE0 /* Assets.xcassets in Resources */,
				5D71F4B32117FBC400B70840 /* btnSound.m4a in Resources */,
				5D67C8B82114201000844CE8 /* dv.m4a in Resources */,
				5D71F4C121182C3300B70840 /* btn2.mp3 in Resources */,
				5D71F4C321182C3E00B70840 /* btn3.mp3 in Resources */,
				5D71F4B22117FBBD00B70840 /* bubble.m4a in Resources */,
				5D71F4B92118214400B70840 /* snow.m4a in Resources */,
				5D71F4BD21182BC500B70840 /* snow2.m4a in Resources */,
				5D71F4BE21182BC800B70840 /* snow3.m4a in Resources */,
				5D71F4BF21182BCA00B70840 /* snow4.m4a in Resources */,
				5D71F4C721182D3000B70840 /* light1.m4a in Resources */,
				5D71F4C821182D3200B70840 /* light2.m4a in Resources */,
				5D71F4C921182D3400B70840 /* light3.m4a in Resources */,
				1D2269482119446B00E48C44 /* light.m4a in Resources */,
				1D7B356F2106E68000350DE0 /* Main.storyboard in Resources */,
				1D2269462119433E00E48C44 /* cat.m4a in Resources */,
			);
			runOnlyForDeploymentPostprocessing = 0;
		};
/* End PBXResourcesBuildPhase section */

/* Begin PBXSourcesBuildPhase section */
		1D7B35622106E68000350DE0 /* Sources */ = {
			isa = PBXSourcesBuildPhase;
			buildActionMask = 2147483647;
			files = (
				5D71F4CB21183C2C00B70840 /* Counter.swift in Sources */,
				1D2EB2402109952F006E3F7D /* buttonViewController.swift in Sources */,
				5D71F4B02117E71E00B70840 /* PopUp.swift in Sources */,
				1DD2B7552112A37D0049FDBE /* PpocCollectionViewController.swift in Sources */,
				1DD2B7572112A4BE0049FDBE /* CollectionViewCell.swift in Sources */,
				1DD2B7772112DEC70049FDBE /* PawViewController.swift in Sources */,
				1D62FEBB21103761008E38CE /* dogViewController.swift in Sources */,
				1D7B356A2106E68000350DE0 /* AppDelegate.swift in Sources */,
				5D71F4B721181D2300B70840 /* LightViewController.swift in Sources */,
				5D380ED2211A9B7000D1388F /* Coin.swift in Sources */,
				5D71F4AD2117E35A00B70840 /* sound.swift in Sources */,
			);
			runOnlyForDeploymentPostprocessing = 0;
		};
/* End PBXSourcesBuildPhase section */

/* Begin PBXVariantGroup section */
		1D7B356D2106E68000350DE0 /* Main.storyboard */ = {
			isa = PBXVariantGroup;
			children = (
				1D7B356E2106E68000350DE0 /* Base */,
			);
			name = Main.storyboard;
			sourceTree = "<group>";
		};
		1D7B35722106E68000350DE0 /* LaunchScreen.storyboard */ = {
			isa = PBXVariantGroup;
			children = (
				1D7B35732106E68000350DE0 /* Base */,
			);
			name = LaunchScreen.storyboard;
			sourceTree = "<group>";
		};
/* End PBXVariantGroup section */

/* Begin XCBuildConfiguration section */
		1D7B35762106E68000350DE0 /* Debug */ = {
			isa = XCBuildConfiguration;
			buildSettings = {
				ALWAYS_SEARCH_USER_PATHS = NO;
				CLANG_ANALYZER_NONNULL = YES;
				CLANG_ANALYZER_NUMBER_OBJECT_CONVERSION = YES_AGGRESSIVE;
				CLANG_CXX_LANGUAGE_STANDARD = "gnu++0x";
				CLANG_CXX_LIBRARY = "libc++";
				CLANG_ENABLE_MODULES = YES;
				CLANG_ENABLE_OBJC_ARC = YES;
				CLANG_WARN_BOOL_CONVERSION = YES;
				CLANG_WARN_CONSTANT_CONVERSION = YES;
				CLANG_WARN_DIRECT_OBJC_ISA_USAGE = YES_ERROR;
				CLANG_WARN_DOCUMENTATION_COMMENTS = YES;
				CLANG_WARN_EMPTY_BODY = YES;
				CLANG_WARN_ENUM_CONVERSION = YES;
				CLANG_WARN_INFINITE_RECURSION = YES;
				CLANG_WARN_INT_CONVERSION = YES;
				CLANG_WARN_OBJC_ROOT_CLASS = YES_ERROR;
				CLANG_WARN_SUSPICIOUS_MOVE = YES;
				CLANG_WARN_UNREACHABLE_CODE = YES;
				CLANG_WARN__DUPLICATE_METHOD_MATCH = YES;
				"CODE_SIGN_IDENTITY[sdk=iphoneos*]" = "iPhone Developer";
				COPY_PHASE_STRIP = NO;
				DEBUG_ACTIVITY_MODE = "";
				"DEBUG_ACTIVITY_MODE[sdk=iphonesimulator*]" = disable;
				DEBUG_INFORMATION_FORMAT = dwarf;
				ENABLE_STRICT_OBJC_MSGSEND = YES;
				ENABLE_TESTABILITY = YES;
				GCC_C_LANGUAGE_STANDARD = gnu99;
				GCC_DYNAMIC_NO_PIC = NO;
				GCC_NO_COMMON_BLOCKS = YES;
				GCC_OPTIMIZATION_LEVEL = 0;
				GCC_PREPROCESSOR_DEFINITIONS = (
					"DEBUG=1",
					"$(inherited)",
				);
				GCC_WARN_64_TO_32_BIT_CONVERSION = YES;
				GCC_WARN_ABOUT_RETURN_TYPE = YES_ERROR;
				GCC_WARN_UNDECLARED_SELECTOR = YES;
				GCC_WARN_UNINITIALIZED_AUTOS = YES_AGGRESSIVE;
				GCC_WARN_UNUSED_FUNCTION = YES;
				GCC_WARN_UNUSED_VARIABLE = YES;
				IPHONEOS_DEPLOYMENT_TARGET = 10.3;
				MTL_ENABLE_DEBUG_INFO = YES;
				ONLY_ACTIVE_ARCH = YES;
				SDKROOT = iphoneos;
				SWIFT_ACTIVE_COMPILATION_CONDITIONS = DEBUG;
				SWIFT_OPTIMIZATION_LEVEL = "-Onone";
				TARGETED_DEVICE_FAMILY = "1,2";
			};
			name = Debug;
		};
		1D7B35772106E68000350DE0 /* Release */ = {
			isa = XCBuildConfiguration;
			buildSettings = {
				ALWAYS_SEARCH_USER_PATHS = NO;
				CLANG_ANALYZER_NONNULL = YES;
				CLANG_ANALYZER_NUMBER_OBJECT_CONVERSION = YES_AGGRESSIVE;
				CLANG_CXX_LANGUAGE_STANDARD = "gnu++0x";
				CLANG_CXX_LIBRARY = "libc++";
				CLANG_ENABLE_MODULES = YES;
				CLANG_ENABLE_OBJC_ARC = YES;
				CLANG_WARN_BOOL_CONVERSION = YES;
				CLANG_WARN_CONSTANT_CONVERSION = YES;
				CLANG_WARN_DIRECT_OBJC_ISA_USAGE = YES_ERROR;
				CLANG_WARN_DOCUMENTATION_COMMENTS = YES;
				CLANG_WARN_EMPTY_BODY = YES;
				CLANG_WARN_ENUM_CONVERSION = YES;
				CLANG_WARN_INFINITE_RECURSION = YES;
				CLANG_WARN_INT_CONVERSION = YES;
				CLANG_WARN_OBJC_ROOT_CLASS = YES_ERROR;
				CLANG_WARN_SUSPICIOUS_MOVE = YES;
				CLANG_WARN_UNREACHABLE_CODE = YES;
				CLANG_WARN__DUPLICATE_METHOD_MATCH = YES;
				"CODE_SIGN_IDENTITY[sdk=iphoneos*]" = "iPhone Developer";
				COPY_PHASE_STRIP = NO;
				DEBUG_ACTIVITY_MODE = "";
				DEBUG_INFORMATION_FORMAT = "dwarf-with-dsym";
				ENABLE_NS_ASSERTIONS = NO;
				ENABLE_STRICT_OBJC_MSGSEND = YES;
				GCC_C_LANGUAGE_STANDARD = gnu99;
				GCC_NO_COMMON_BLOCKS = YES;
				GCC_WARN_64_TO_32_BIT_CONVERSION = YES;
				GCC_WARN_ABOUT_RETURN_TYPE = YES_ERROR;
				GCC_WARN_UNDECLARED_SELECTOR = YES;
				GCC_WARN_UNINITIALIZED_AUTOS = YES_AGGRESSIVE;
				GCC_WARN_UNUSED_FUNCTION = YES;
				GCC_WARN_UNUSED_VARIABLE = YES;
				IPHONEOS_DEPLOYMENT_TARGET = 10.3;
				MTL_ENABLE_DEBUG_INFO = NO;
				SDKROOT = iphoneos;
				SWIFT_OPTIMIZATION_LEVEL = "-Owholemodule";
				TARGETED_DEVICE_FAMILY = "1,2";
				VALIDATE_PRODUCT = YES;
			};
			name = Release;
		};
		1D7B35792106E68000350DE0 /* Debug */ = {
			isa = XCBuildConfiguration;
			buildSettings = {
				ASSETCATALOG_COMPILER_APPICON_NAME = AppIcon;
				DEVELOPMENT_TEAM = AN8T33K795;
				INFOPLIST_FILE = "꾹꾹이/Info.plist";
				LD_RUNPATH_SEARCH_PATHS = "$(inherited) @executable_path/Frameworks";
				PRODUCT_BUNDLE_IDENTIFIER = "cau.--------";
				PRODUCT_NAME = "$(TARGET_NAME)";
				SWIFT_VERSION = 3.0;
			};
			name = Debug;
		};
		1D7B357A2106E68000350DE0 /* Release */ = {
			isa = XCBuildConfiguration;
			buildSettings = {
				ASSETCATALOG_COMPILER_APPICON_NAME = AppIcon;
				DEVELOPMENT_TEAM = AN8T33K795;
				INFOPLIST_FILE = "꾹꾹이/Info.plist";
				LD_RUNPATH_SEARCH_PATHS = "$(inherited) @executable_path/Frameworks";
				PRODUCT_BUNDLE_IDENTIFIER = "cau.--------";
				PRODUCT_NAME = "$(TARGET_NAME)";
				SWIFT_VERSION = 3.0;
			};
			name = Release;
		};
/* End XCBuildConfiguration section */

/* Begin XCConfigurationList section */
		1D7B35612106E68000350DE0 /* Build configuration list for PBXProject "GGuk" */ = {
			isa = XCConfigurationList;
			buildConfigurations = (
				1D7B35762106E68000350DE0 /* Debug */,
				1D7B35772106E68000350DE0 /* Release */,
			);
			defaultConfigurationIsVisible = 0;
			defaultConfigurationName = Release;
		};
		1D7B35782106E68000350DE0 /* Build configuration list for PBXNativeTarget "GGuk" */ = {
			isa = XCConfigurationList;
			buildConfigurations = (
				1D7B35792106E68000350DE0 /* Debug */,
				1D7B357A2106E68000350DE0 /* Release */,
			);
			defaultConfigurationIsVisible = 0;
			defaultConfigurationName = Release;
		};
/* End XCConfigurationList section */
	};
	rootObject = 1D7B355E2106E68000350DE0 /* Project object */;
}
